{
  "lockfile_version": "1",
  "packages": {
    "elmPackages.elm-format@latest": {
      "last_modified": "2025-02-07T11:26:36Z",
      "resolved": "github:NixOS/nixpkgs/d98abf5cf5914e5e4e9d57205e3af55ca90ffc1d#elmPackages.elm-format",
      "source": "devbox-search",
      "version": "0.8.7",
      "systems": {
        "aarch64-darwin": {
          "outputs": [
            {
              "name": "out",
              "path": "/nix/store/5yz43dvn7pla3ijlwxl0r0ibp47s6laj-elm-format-0.8.7",
              "default": true
            }
          ],
          "store_path": "/nix/store/5yz43dvn7pla3ijlwxl0r0ibp47s6laj-elm-format-0.8.7"
        },
        "aarch64-linux": {
          "outputs": [
            {
              "name": "out",
              "path": "/nix/store/xwfrfm98krdc5x8j8h5dack220gk7rsv-elm-format-0.8.7",
              "default": true
            }
          ],
          "store_path": "/nix/store/xwfrfm98krdc5x8j8h5dack220gk7rsv-elm-format-0.8.7"
        },
        "x86_64-darwin": {
          "outputs": [
            {
              "name": "out",
              "path": "/nix/store/d7cgn8czj9z94vhawps61ymp49145vky-elm-format-0.8.7",
              "default": true
            }
          ],
          "store_path": "/nix/store/d7cgn8czj9z94vhawps61ymp49145vky-elm-format-0.8.7"
        },
        "x86_64-linux": {
          "outputs": [
            {
              "name": "out",
              "path": "/nix/store/9hd219clq5zhy2x1z8izris8pcz0z2gw-elm-format-0.8.7",
              "default": true
            }
          ],
          "store_path": "/nix/store/9hd219clq5zhy2x1z8izris8pcz0z2gw-elm-format-0.8.7"
        }
      }
    },
    "elmPackages.elm@latest": {
      "last_modified": "2025-02-07T11:26:36Z",
      "resolved": "github:NixOS/nixpkgs/d98abf5cf5914e5e4e9d57205e3af55ca90ffc1d#elmPackages.elm",
      "source": "devbox-search",
      "version": "0.19.1",
      "systems": {
        "aarch64-darwin": {
          "outputs": [
            {
              "name": "out",
              "path": "/nix/store/hxk83nq4zv8gcw6ncnc7jj9fpfg915x1-elm-0.19.1",
              "default": true
            },
            {
              "name": "doc",
              "path": "/nix/store/6lnggy1ik69x2g7k15gpgbihnsa1byz3-elm-0.19.1-doc"
            }
          ],
          "store_path": "/nix/store/hxk83nq4zv8gcw6ncnc7jj9fpfg915x1-elm-0.19.1"
        },
        "aarch64-linux": {
          "outputs": [
            {
              "name": "out",
              "path": "/nix/store/w6h7fmglg3an7si3bnjzmkdxgyqahnjb-elm-0.19.1",
              "default": true
            },
            {
              "name": "doc",
              "path": "/nix/store/sqb1i7003ci72hfpg82k2ahcssk72ry7-elm-0.19.1-doc"
            }
          ],
          "store_path": "/nix/store/w6h7fmglg3an7si3bnjzmkdxgyqahnjb-elm-0.19.1"
        },
        "x86_64-darwin": {
          "outputs": [
            {
              "name": "out",
              "path": "/nix/store/2v4dd12fdljjcz6bzh1fzw44658mgzga-elm-0.19.1",
              "default": true
            },
            {
              "name": "doc",
              "path": "/nix/store/mfanzlyihmlrchdhxdg9w22arhyvld0x-elm-0.19.1-doc"
            }
          ],
          "store_path": "/nix/store/2v4dd12fdljjcz6bzh1fzw44658mgzga-elm-0.19.1"
        },
        "x86_64-linux": {
          "outputs": [
            {
              "name": "out",
              "path": "/nix/store/fdsw43ly1hpi5va1ff7bjzywc8k15hnw-elm-0.19.1",
              "default": true
            },
            {
              "name": "doc",
              "path": "/nix/store/n0zc6dskjcr73a092pm5r4spc4jbz3bh-elm-0.19.1-doc"
            }
          ],
          "store_path": "/nix/store/fdsw43ly1hpi5va1ff7bjzywc8k15hnw-elm-0.19.1"
        }
      }
    },
    "github:NixOS/nixpkgs/nixpkgs-unstable": {
      "resolved": "github:NixOS/nixpkgs/dad564433178067be1fbdfcce23b546254b6d641?lastModified=1740019556&narHash=sha256-vn285HxnnlHLWnv59Og7muqECNMS33mWLM14soFIv2g%3D"
    },
    "inotify-tools@latest": {
      "last_modified": "2025-02-07T11:26:36Z",
      "resolved": "github:NixOS/nixpkgs/d98abf5cf5914e5e4e9d57205e3af55ca90ffc1d#inotify-tools",
      "source": "devbox-search",
      "version": "4.23.9.0",
      "systems": {
        "aarch64-linux": {
          "outputs": [
            {
              "name": "out",
              "path": "/nix/store/8rp1k6gv0dx9cpfbswx5niy4jw1xmfsx-inotify-tools-4.23.9.0",
              "default": true
            }
          ],
          "store_path": "/nix/store/8rp1k6gv0dx9cpfbswx5niy4jw1xmfsx-inotify-tools-4.23.9.0"
        },
        "x86_64-linux": {
          "outputs": [
            {
              "name": "out",
              "path": "/nix/store/pp22m59mdni4xa502jzfvfgax8ayqhjl-inotify-tools-4.23.9.0",
              "default": true
            }
          ],
          "store_path": "/nix/store/pp22m59mdni4xa502jzfvfgax8ayqhjl-inotify-tools-4.23.9.0"
        }
      }
    },
    "libiconv@latest": {
      "last_modified": "2025-02-07T11:26:36Z",
      "resolved": "github:NixOS/nixpkgs/d98abf5cf5914e5e4e9d57205e3af55ca90ffc1d#libiconv",
      "source": "devbox-search",
      "version": "2.40",
      "systems": {
        "aarch64-linux": {
          "outputs": [
            {
              "name": "out",
              "path": "/nix/store/pgx7xylvqxbz6npcykm0wvbldv3pa3xd-glibc-iconv-2.40",
              "default": true
            }
          ],
          "store_path": "/nix/store/pgx7xylvqxbz6npcykm0wvbldv3pa3xd-glibc-iconv-2.40"
        },
        "x86_64-linux": {
          "outputs": [
            {
              "name": "out",
              "path": "/nix/store/ir5078058nmc9rx6w0r4mk7jkzqxjqsz-glibc-iconv-2.40",
              "default": true
            }
          ],
          "store_path": "/nix/store/ir5078058nmc9rx6w0r4mk7jkzqxjqsz-glibc-iconv-2.40"
        }
      }
    },
    "nodejs@latest": {
      "last_modified": "2025-02-07T11:26:36Z",
      "plugin_version": "0.0.2",
      "resolved": "github:NixOS/nixpkgs/d98abf5cf5914e5e4e9d57205e3af55ca90ffc1d#nodejs_23",
      "source": "devbox-search",
      "version": "23.7.0",
      "systems": {
        "aarch64-darwin": {
          "outputs": [
            {
              "name": "out",
              "path": "/nix/store/arnrjx5pv8fdm435y0yy5yd9npsx9f4h-nodejs-23.7.0",
              "default": true
            },
            {
              "name": "libv8",
              "path": "/nix/store/shrd4h6v2h506rzz030yh55nll9ciw9z-nodejs-23.7.0-libv8"
            }
          ],
          "store_path": "/nix/store/arnrjx5pv8fdm435y0yy5yd9npsx9f4h-nodejs-23.7.0"
        },
        "aarch64-linux": {
          "outputs": [
            {
              "name": "out",
              "path": "/nix/store/dhxnx4hx74bg6mdaqd11jjwqxzi8mkzw-nodejs-23.7.0",
              "default": true
            },
            {
              "name": "libv8",
              "path": "/nix/store/4a5kd7jsc4ac99acb3rs8zyhh8rz32b5-nodejs-23.7.0-libv8"
            }
          ],
          "store_path": "/nix/store/dhxnx4hx74bg6mdaqd11jjwqxzi8mkzw-nodejs-23.7.0"
        },
        "x86_64-darwin": {
          "outputs": [
            {
              "name": "out",
              "path": "/nix/store/q5hzfl9nca4xfggxwh1w94kxladr92hg-nodejs-23.7.0",
              "default": true
            },
            {
              "name": "libv8",
              "path": "/nix/store/f3c6lca6i3iwbbf683vdciq5p5ra22q2-nodejs-23.7.0-libv8"
            }
          ],
          "store_path": "/nix/store/q5hzfl9nca4xfggxwh1w94kxladr92hg-nodejs-23.7.0"
        },
        "x86_64-linux": {
          "outputs": [
            {
              "name": "out",
              "path": "/nix/store/lxmrn8kfmld567cjn6h4n5qcwdvp5ynd-nodejs-23.7.0",
              "default": true
            },
            {
              "name": "libv8",
              "path": "/nix/store/697fmkjsn1i8xwyjd2vxlbnm6g6q27yg-nodejs-23.7.0-libv8"
            }
          ],
          "store_path": "/nix/store/lxmrn8kfmld567cjn6h4n5qcwdvp5ynd-nodejs-23.7.0"
        }
      }
    },
    "perl@latest": {
      "last_modified": "2025-02-07T11:26:36Z",
      "resolved": "github:NixOS/nixpkgs/d98abf5cf5914e5e4e9d57205e3af55ca90ffc1d#perl",
      "source": "devbox-search",
      "version": "5.40.0",
      "systems": {
        "aarch64-darwin": {
          "outputs": [
            {
              "name": "out",
              "path": "/nix/store/4kg2wjzj50c33d17b48ghlq8dry3377z-perl-5.40.0",
              "default": true
            },
            {
              "name": "man",
              "path": "/nix/store/vmbwr7xmig5179yb3afnp6pvsidb5fbb-perl-5.40.0-man",
              "default": true
            },
            {
              "name": "devdoc",
              "path": "/nix/store/93q9aacx1iawkh39vs22fj815fbbrrc2-perl-5.40.0-devdoc"
            }
          ],
          "store_path": "/nix/store/4kg2wjzj50c33d17b48ghlq8dry3377z-perl-5.40.0"
        },
        "aarch64-linux": {
          "outputs": [
            {
              "name": "out",
              "path": "/nix/store/5pr2vhcwh7yil2rgnbp02mvnlrhi3g80-perl-5.40.0",
              "default": true
            },
            {
              "name": "man",
              "path": "/nix/store/j4sckpmh2mgs6gswc8dvx79awv9ayg8q-perl-5.40.0-man",
              "default": true
            },
            {
              "name": "devdoc",
              "path": "/nix/store/ps9nkiba6z22qr5xf39jxiffdc5d71gs-perl-5.40.0-devdoc"
            }
          ],
          "store_path": "/nix/store/5pr2vhcwh7yil2rgnbp02mvnlrhi3g80-perl-5.40.0"
        },
        "x86_64-darwin": {
          "outputs": [
            {
              "name": "out",
              "path": "/nix/store/7ig9mn9l3aqxq44iw3a59bmkys2f9c62-perl-5.40.0",
              "default": true
            },
            {
              "name": "man",
              "path": "/nix/store/nlcyfp87a0gkx2xgh4cn348ir6cavfnr-perl-5.40.0-man",
              "default": true
            },
            {
              "name": "devdoc",
              "path": "/nix/store/80sqsgz6s6195jfl0n2j8lw4w3i7rqlg-perl-5.40.0-devdoc"
            }
          ],
          "store_path": "/nix/store/7ig9mn9l3aqxq44iw3a59bmkys2f9c62-perl-5.40.0"
        },
        "x86_64-linux": {
          "outputs": [
            {
              "name": "out",
              "path": "/nix/store/gndky4p2sjhsh0zdlqs3dnyzyslccxha-perl-5.40.0",
              "default": true
            },
            {
              "name": "man",
              "path": "/nix/store/71izsggv49gcb6wm5r0mh1w629kzf3iw-perl-5.40.0-man",
              "default": true
            },
            {
              "name": "devdoc",
              "path": "/nix/store/zsdlbbpxrd4fcabp7d2dra87in81l34m-perl-5.40.0-devdoc"
            }
          ],
          "store_path": "/nix/store/gndky4p2sjhsh0zdlqs3dnyzyslccxha-perl-5.40.0"
        }
      }
    },
    "rustup@latest": {
      "last_modified": "2025-02-07T11:26:36Z",
      "plugin_version": "0.0.1",
      "resolved": "github:NixOS/nixpkgs/d98abf5cf5914e5e4e9d57205e3af55ca90ffc1d#rustup",
      "source": "devbox-search",
      "version": "1.27.1",
      "systems": {
        "aarch64-darwin": {
          "outputs": [
            {
              "name": "out",
              "path": "/nix/store/9b8v9lji5gjw5cj7f2nv3l184zyg0m3a-rustup-1.27.1",
              "default": true
            }
          ],
          "store_path": "/nix/store/9b8v9lji5gjw5cj7f2nv3l184zyg0m3a-rustup-1.27.1"
        },
        "aarch64-linux": {
          "outputs": [
            {
              "name": "out",
              "path": "/nix/store/d2g7zcymlvc5cjqcdpbqgrzzg2swwzik-rustup-1.27.1",
              "default": true
            }
          ],
          "store_path": "/nix/store/d2g7zcymlvc5cjqcdpbqgrzzg2swwzik-rustup-1.27.1"
        },
        "x86_64-darwin": {
          "outputs": [
            {
              "name": "out",
              "path": "/nix/store/pxbbd2112rlz283k82rsk0mfc9bw0jkb-rustup-1.27.1",
              "default": true
            }
          ],
          "store_path": "/nix/store/pxbbd2112rlz283k82rsk0mfc9bw0jkb-rustup-1.27.1"
        },
        "x86_64-linux": {
          "outputs": [
            {
              "name": "out",
              "path": "/nix/store/dqz7ghl1i46i8nswvkkl3h3jbhxkbchg-rustup-1.27.1",
              "default": true
            }
          ],
          "store_path": "/nix/store/dqz7ghl1i46i8nswvkkl3h3jbhxkbchg-rustup-1.27.1"
        }
      }
    },
    "uglify-js@latest": {
      "last_modified": "2025-02-23T09:42:26Z",
      "resolved": "github:NixOS/nixpkgs/2d068ae5c6516b2d04562de50a58c682540de9bf#uglify-js",
      "source": "devbox-search",
      "version": "3.19.3",
      "systems": {
        "aarch64-darwin": {
          "outputs": [
            {
              "name": "out",
              "path": "/nix/store/fx79glpypxlgz9nd8klr6qbaq54qmz21-uglify-js-3.19.3",
              "default": true
            }
          ],
          "store_path": "/nix/store/fx79glpypxlgz9nd8klr6qbaq54qmz21-uglify-js-3.19.3"
        },
        "aarch64-linux": {
          "outputs": [
            {
              "name": "out",
              "path": "/nix/store/xnwjqg4mzgnjsrja4w7jffch9v7jfxsf-uglify-js-3.19.3",
              "default": true
            }
          ],
          "store_path": "/nix/store/xnwjqg4mzgnjsrja4w7jffch9v7jfxsf-uglify-js-3.19.3"
        },
        "x86_64-darwin": {
          "outputs": [
            {
              "name": "out",
              "path": "/nix/store/b8143h0910zancpvky7pir33xlkhpqgb-uglify-js-3.19.3",
              "default": true
            }
          ],
          "store_path": "/nix/store/b8143h0910zancpvky7pir33xlkhpqgb-uglify-js-3.19.3"
        },
        "x86_64-linux": {
          "outputs": [
            {
              "name": "out",
              "path": "/nix/store/yrai60792nhszp21xsws9r18sqq3s32k-uglify-js-3.19.3",
              "default": true
            }
          ],
          "store_path": "/nix/store/yrai60792nhszp21xsws9r18sqq3s32k-uglify-js-3.19.3"
        }
      }
    }
  }
}
